
Microsoft Visual Studio Solution File, Format Version 12.00
# Visual Studio Version 17
VisualStudioVersion = 17.4.33122.133
MinimumVisualStudioVersion = 10.0.40219.1
Project("{FAE04EC0-301F-11D3-BF4B-00C04F79EFBC}") = "Math Seminar 2", "Math Seminar 2\Math Seminar 2.csproj", "{71AEC2FD-DBE5-4530-A41C-1985B7DCA869}"
EndProject
Global
	GlobalSection(SolutionConfigurationPlatforms) = preSolution
		Debug|Any CPU = Debug|Any CPU
		Release|Any CPU = Release|Any CPU
	EndGlobalSection
	GlobalSection(ProjectConfigurationPlatforms) = postSolution
		{71AEC2FD-DBE5-4530-A41C-1985B7DCA869}.Debug|Any CPU.ActiveCfg = Debug|Any CPU
		{71AEC2FD-DBE5-4530-A41C-1985B7DCA869}.Debug|Any CPU.Build.0 = Debug|Any CPU
		{71AEC2FD-DBE5-4530-A41C-1985B7DCA869}.Release|Any CPU.ActiveCfg = Release|Any CPU
		{71AEC2FD-DBE5-4530-A41C-1985B7DCA869}.Release|Any CPU.Build.0 = Release|Any CPU
	EndGlobalSection
	GlobalSection(SolutionProperties) = preSolution
		HideSolutionNode = FALSE
	EndGlobalSection
	GlobalSection(ExtensibilityGlobals) = postSolution
		SolutionGuid = {C18104CD-5DC0-4940-ADA0-678ADFE3774D}
	EndGlobalSection
EndGlobal
